
Microsoft Visual Studio Solution File, Format Version 12.00
Project("{2150E333-8FDC-42A3-9474-1A3956D46DE8}") = "Bootstrapper", "Bootstrapper", "{752574BC-8E36-407A-973A-EC7B40B40723}"
EndProject
Project("{FAE04EC0-301F-11D3-BF4B-00C04F79EFBC}") = "StockCharts.Bootstrapper", "src\Bootstrapper\StockCharts.Bootstrapper\StockCharts.Bootstrapper.csproj", "{70931EAC-B335-4BAF-914D-2B0DC7B2ED96}"
EndProject
Project("{2150E333-8FDC-42A3-9474-1A3956D46DE8}") = "Modules", "Modules", "{AE90C197-6326-4878-BB69-C828F5C38874}"
EndProject
Project("{2150E333-8FDC-42A3-9474-1A3956D46DE8}") = "Stocks", "Stocks", "{401EAE05-B2CB-450E-9552-E1B1945B4753}"
EndProject
Project("{FAE04EC0-301F-11D3-BF4B-00C04F79EFBC}") = "StockCharts.Modules.Stocks.Api", "src\Modules\Stocks\StockCharts.Modules.Stocks.Api\StockCharts.Modules.Stocks.Api.csproj", "{C1294274-5ECB-4AEC-B9F1-EB4DDEDAE4AF}"
EndProject
Project("{FAE04EC0-301F-11D3-BF4B-00C04F79EFBC}") = "StockCharts.Modules.Stocks.Core", "src\Modules\Stocks\StockCharts.Modules.Stocks.Core\StockCharts.Modules.Stocks.Core.csproj", "{11BFD1E1-1ADB-4149-93D6-A1DCA81630A7}"
EndProject
Project("{2150E333-8FDC-42A3-9474-1A3956D46DE8}") = "Shared", "Shared", "{6C08403C-82B9-4CB1-88F9-A82F5DB2C68B}"
EndProject
Project("{FAE04EC0-301F-11D3-BF4B-00C04F79EFBC}") = "StockCharts.Shared.Infrastructure", "src\Shared\StockCharts.Shared.Infrastructure\StockCharts.Shared.Infrastructure\StockCharts.Shared.Infrastructure.csproj", "{BB86041F-92BB-4574-A0A9-602C7015269E}"
EndProject
Project("{FAE04EC0-301F-11D3-BF4B-00C04F79EFBC}") = "StockCharts.Shared.Abstractions", "src\Shared\StockCharts.Shared.Abstractions\StockCharts.Shared.Abstractions\StockCharts.Shared.Abstractions.csproj", "{6224D804-A8DA-4608-9260-6AF1E2C807AA}"
EndProject
Global
	GlobalSection(SolutionConfigurationPlatforms) = preSolution
		Debug|Any CPU = Debug|Any CPU
		Release|Any CPU = Release|Any CPU
	EndGlobalSection
	GlobalSection(NestedProjects) = preSolution
		{70931EAC-B335-4BAF-914D-2B0DC7B2ED96} = {752574BC-8E36-407A-973A-EC7B40B40723}
		{401EAE05-B2CB-450E-9552-E1B1945B4753} = {AE90C197-6326-4878-BB69-C828F5C38874}
		{C1294274-5ECB-4AEC-B9F1-EB4DDEDAE4AF} = {401EAE05-B2CB-450E-9552-E1B1945B4753}
		{11BFD1E1-1ADB-4149-93D6-A1DCA81630A7} = {401EAE05-B2CB-450E-9552-E1B1945B4753}
		{BB86041F-92BB-4574-A0A9-602C7015269E} = {6C08403C-82B9-4CB1-88F9-A82F5DB2C68B}
		{6224D804-A8DA-4608-9260-6AF1E2C807AA} = {6C08403C-82B9-4CB1-88F9-A82F5DB2C68B}
	EndGlobalSection
	GlobalSection(ProjectConfigurationPlatforms) = postSolution
		{70931EAC-B335-4BAF-914D-2B0DC7B2ED96}.Debug|Any CPU.ActiveCfg = Debug|Any CPU
		{70931EAC-B335-4BAF-914D-2B0DC7B2ED96}.Debug|Any CPU.Build.0 = Debug|Any CPU
		{70931EAC-B335-4BAF-914D-2B0DC7B2ED96}.Release|Any CPU.ActiveCfg = Release|Any CPU
		{70931EAC-B335-4BAF-914D-2B0DC7B2ED96}.Release|Any CPU.Build.0 = Release|Any CPU
		{C1294274-5ECB-4AEC-B9F1-EB4DDEDAE4AF}.Debug|Any CPU.ActiveCfg = Debug|Any CPU
		{C1294274-5ECB-4AEC-B9F1-EB4DDEDAE4AF}.Debug|Any CPU.Build.0 = Debug|Any CPU
		{C1294274-5ECB-4AEC-B9F1-EB4DDEDAE4AF}.Release|Any CPU.ActiveCfg = Release|Any CPU
		{C1294274-5ECB-4AEC-B9F1-EB4DDEDAE4AF}.Release|Any CPU.Build.0 = Release|Any CPU
		{11BFD1E1-1ADB-4149-93D6-A1DCA81630A7}.Debug|Any CPU.ActiveCfg = Debug|Any CPU
		{11BFD1E1-1ADB-4149-93D6-A1DCA81630A7}.Debug|Any CPU.Build.0 = Debug|Any CPU
		{11BFD1E1-1ADB-4149-93D6-A1DCA81630A7}.Release|Any CPU.ActiveCfg = Release|Any CPU
		{11BFD1E1-1ADB-4149-93D6-A1DCA81630A7}.Release|Any CPU.Build.0 = Release|Any CPU
		{BB86041F-92BB-4574-A0A9-602C7015269E}.Debug|Any CPU.ActiveCfg = Debug|Any CPU
		{BB86041F-92BB-4574-A0A9-602C7015269E}.Debug|Any CPU.Build.0 = Debug|Any CPU
		{BB86041F-92BB-4574-A0A9-602C7015269E}.Release|Any CPU.ActiveCfg = Release|Any CPU
		{BB86041F-92BB-4574-A0A9-602C7015269E}.Release|Any CPU.Build.0 = Release|Any CPU
		{6224D804-A8DA-4608-9260-6AF1E2C807AA}.Debug|Any CPU.ActiveCfg = Debug|Any CPU
		{6224D804-A8DA-4608-9260-6AF1E2C807AA}.Debug|Any CPU.Build.0 = Debug|Any CPU
		{6224D804-A8DA-4608-9260-6AF1E2C807AA}.Release|Any CPU.ActiveCfg = Release|Any CPU
		{6224D804-A8DA-4608-9260-6AF1E2C807AA}.Release|Any CPU.Build.0 = Release|Any CPU
	EndGlobalSection
EndGlobal
